
Microsoft Visual Studio Solution File, Format Version 12.00
# Visual Studio Version 17
VisualStudioVersion = 17.1.32105.426
MinimumVisualStudioVersion = 10.0.40219.1
Project("{FAE04EC0-301F-11D3-BF4B-00C04F79EFBC}") = "ConsoleApp3", "ConsoleApp3\ConsoleApp3.csproj", "{BD81DEB9-7CA0-4EE5-82AC-25F41B210DE7}"
EndProject
Global
	GlobalSection(SolutionConfigurationPlatforms) = preSolution
		Debug|Any CPU = Debug|Any CPU
		Release|Any CPU = Release|Any CPU
	EndGlobalSection
	GlobalSection(ProjectConfigurationPlatforms) = postSolution
		{BD81DEB9-7CA0-4EE5-82AC-25F41B210DE7}.Debug|Any CPU.ActiveCfg = Debug|Any CPU
		{BD81DEB9-7CA0-4EE5-82AC-25F41B210DE7}.Debug|Any CPU.Build.0 = Debug|Any CPU
		{BD81DEB9-7CA0-4EE5-82AC-25F41B210DE7}.Release|Any CPU.ActiveCfg = Release|Any CPU
		{BD81DEB9-7CA0-4EE5-82AC-25F41B210DE7}.Release|Any CPU.Build.0 = Release|Any CPU
	EndGlobalSection
	GlobalSection(SolutionProperties) = preSolution
		HideSolutionNode = FALSE
	EndGlobalSection
	GlobalSection(ExtensibilityGlobals) = postSolution
		SolutionGuid = {70B41621-28B4-4C57-B642-0418187CE3AB}
	EndGlobalSection
EndGlobal
